
Microsoft Visual Studio Solution File, Format Version 12.00
# Visual Studio 15
VisualStudioVersion = 15.0.27004.2002
MinimumVisualStudioVersion = 10.0.40219.1
Project("{FAE04EC0-301F-11D3-BF4B-00C04F79EFBC}") = "MovieApplication", "MovieApplication\MovieApplication.csproj", "{1A15E7E4-F3C7-4558-ABA7-452FB38580CC}"
EndProject
Global
	GlobalSection(SolutionConfigurationPlatforms) = preSolution
		Debug|Any CPU = Debug|Any CPU
		Release|Any CPU = Release|Any CPU
	EndGlobalSection
	GlobalSection(ProjectConfigurationPlatforms) = postSolution
		{1A15E7E4-F3C7-4558-ABA7-452FB38580CC}.Debug|Any CPU.ActiveCfg = Debug|Any CPU
		{1A15E7E4-F3C7-4558-ABA7-452FB38580CC}.Debug|Any CPU.Build.0 = Debug|Any CPU
		{1A15E7E4-F3C7-4558-ABA7-452FB38580CC}.Release|Any CPU.ActiveCfg = Release|Any CPU
		{1A15E7E4-F3C7-4558-ABA7-452FB38580CC}.Release|Any CPU.Build.0 = Release|Any CPU
	EndGlobalSection
	GlobalSection(SolutionProperties) = preSolution
		HideSolutionNode = FALSE
	EndGlobalSection
	GlobalSection(ExtensibilityGlobals) = postSolution
		SolutionGuid = {7C8CEABE-9298-44F7-A16A-421129465EEE}
	EndGlobalSection
EndGlobal
